// !$*UTF8*$!
{
	archiveVersion = 1;
	classes = {
	};
	objectVersion = 50;
	objects = {

/* Begin PBXBuildFile section */
		896BFE79239EA3DC003DD4C1 /* AppDelegate.swift in Sources */ = {isa = PBXBuildFile; fileRef = 896BFE78239EA3DC003DD4C1 /* AppDelegate.swift */; };
		896BFE7B239EA3DC003DD4C1 /* SceneDelegate.swift in Sources */ = {isa = PBXBuildFile; fileRef = 896BFE7A239EA3DC003DD4C1 /* SceneDelegate.swift */; };
		896BFE7D239EA3DC003DD4C1 /* ContentView.swift in Sources */ = {isa = PBXBuildFile; fileRef = 896BFE7C239EA3DC003DD4C1 /* ContentView.swift */; };
		896BFE7F239EA3DF003DD4C1 /* Assets.xcassets in Resources */ = {isa = PBXBuildFile; fileRef = 896BFE7E239EA3DF003DD4C1 /* Assets.xcassets */; };
		896BFE82239EA3DF003DD4C1 /* Preview Assets.xcassets in Resources */ = {isa = PBXBuildFile; fileRef = 896BFE81239EA3DF003DD4C1 /* Preview Assets.xcassets */; };
		896BFE85239EA3DF003DD4C1 /* LaunchScreen.storyboard in Resources */ = {isa = PBXBuildFile; fileRef = 896BFE83239EA3DF003DD4C1 /* LaunchScreen.storyboard */; };
		896BFE8D239F99DD003DD4C1 /* ImagePicker.swift in Sources */ = {isa = PBXBuildFile; fileRef = 896BFE8C239F99DD003DD4C1 /* ImagePicker.swift */; };
		896BFE8F239FC496003DD4C1 /* Contact.swift in Sources */ = {isa = PBXBuildFile; fileRef = 896BFE8E239FC495003DD4C1 /* Contact.swift */; };
		896BFE91239FC52A003DD4C1 /* Contacts.swift in Sources */ = {isa = PBXBuildFile; fileRef = 896BFE90239FC52A003DD4C1 /* Contacts.swift */; };
		896BFE9323A0F60B003DD4C1 /* LocationFetcher.swift in Sources */ = {isa = PBXBuildFile; fileRef = 896BFE9223A0F60B003DD4C1 /* LocationFetcher.swift */; };
		896BFE9523A0F8EE003DD4C1 /* MapView.swift in Sources */ = {isa = PBXBuildFile; fileRef = 896BFE9423A0F8EE003DD4C1 /* MapView.swift */; };
/* End PBXBuildFile section */

/* Begin PBXFileReference section */
		896BFE75239EA3DC003DD4C1 /* Friends.app */ = {isa = PBXFileReference; explicitFileType = wrapper.application; includeInIndex = 0; path = Friends.app; sourceTree = BUILT_PRODUCTS_DIR; };
		896BFE78239EA3DC003DD4C1 /* AppDelegate.swift */ = {isa = PBXFileReference; lastKnownFileType = sourcecode.swift; path = AppDelegate.swift; sourceTree = "<group>"; };
		896BFE7A239EA3DC003DD4C1 /* SceneDelegate.swift */ = {isa = PBXFileReference; lastKnownFileType = sourcecode.swift; path = SceneDelegate.swift; sourceTree = "<group>"; };
		896BFE7C239EA3DC003DD4C1 /* ContentView.swift */ = {isa = PBXFileReference; lastKnownFileType = sourcecode.swift; path = ContentView.swift; sourceTree = "<group>"; };
		896BFE7E239EA3DF003DD4C1 /* Assets.xcassets */ = {isa = PBXFileReference; lastKnownFileType = folder.assetcatalog; path = Assets.xcassets; sourceTree = "<group>"; };
		896BFE81239EA3DF003DD4C1 /* Preview Assets.xcassets */ = {isa = PBXFileReference; lastKnownFileType = folder.assetcatalog; path = "Preview Assets.xcassets"; sourceTree = "<group>"; };
		896BFE84239EA3DF003DD4C1 /* Base */ = {isa = PBXFileReference; lastKnownFileType = file.storyboard; name = Base; path = Base.lproj/LaunchScreen.storyboard; sourceTree = "<group>"; };
		896BFE86239EA3DF003DD4C1 /* Info.plist */ = {isa = PBXFileReference; lastKnownFileType = text.plist.xml; path = Info.plist; sourceTree = "<group>"; };
		896BFE8C239F99DD003DD4C1 /* ImagePicker.swift */ = {isa = PBXFileReference; lastKnownFileType = sourcecode.swift; path = ImagePicker.swift; sourceTree = "<group>"; };
		896BFE8E239FC495003DD4C1 /* Contact.swift */ = {isa = PBXFileReference; lastKnownFileType = sourcecode.swift; path = Contact.swift; sourceTree = "<group>"; };
		896BFE90239FC52A003DD4C1 /* Contacts.swift */ = {isa = PBXFileReference; lastKnownFileType = sourcecode.swift; path = Contacts.swift; sourceTree = "<group>"; };
		896BFE9223A0F60B003DD4C1 /* LocationFetcher.swift */ = {isa = PBXFileReference; lastKnownFileType = sourcecode.swift; path = LocationFetcher.swift; sourceTree = "<group>"; };
		896BFE9423A0F8EE003DD4C1 /* MapView.swift */ = {isa = PBXFileReference; lastKnownFileType = sourcecode.swift; path = MapView.swift; sourceTree = "<group>"; };
/* End PBXFileReference section */

/* Begin PBXFrameworksBuildPhase section */
		896BFE72239EA3DC003DD4C1 /* Frameworks */ = {
			isa = PBXFrameworksBuildPhase;
			buildActionMask = 2147483647;
			files = (
			);
			runOnlyForDeploymentPostprocessing = 0;
		};
/* End PBXFrameworksBuildPhase section */

/* Begin PBXGroup section */
		896BFE6C239EA3DC003DD4C1 = {
			isa = PBXGroup;
			children = (
				896BFE77239EA3DC003DD4C1 /* Friends */,
				896BFE76239EA3DC003DD4C1 /* Products */,
			);
			sourceTree = "<group>";
		};
		896BFE76239EA3DC003DD4C1 /* Products */ = {
			isa = PBXGroup;
			children = (
				896BFE75239EA3DC003DD4C1 /* Friends.app */,
			);
			name = Products;
			sourceTree = "<group>";
		};
		896BFE77239EA3DC003DD4C1 /* Friends */ = {
			isa = PBXGroup;
			children = (
				896BFE78239EA3DC003DD4C1 /* AppDelegate.swift */,
				896BFE7A239EA3DC003DD4C1 /* SceneDelegate.swift */,
				896BFE7C239EA3DC003DD4C1 /* ContentView.swift */,
				896BFE7E239EA3DF003DD4C1 /* Assets.xcassets */,
				896BFE83239EA3DF003DD4C1 /* LaunchScreen.storyboard */,
				896BFE86239EA3DF003DD4C1 /* Info.plist */,
				896BFE80239EA3DF003DD4C1 /* Preview Content */,
				896BFE8C239F99DD003DD4C1 /* ImagePicker.swift */,
				896BFE9223A0F60B003DD4C1 /* LocationFetcher.swift */,
				896BFE8E239FC495003DD4C1 /* Contact.swift */,
				896BFE90239FC52A003DD4C1 /* Contacts.swift */,
				896BFE9423A0F8EE003DD4C1 /* MapView.swift */,
			);
			path = Friends;
			sourceTree = "<group>";
		};
		896BFE80239EA3DF003DD4C1 /* Preview Content */ = {
			isa = PBXGroup;
			children = (
				896BFE81239EA3DF003DD4C1 /* Preview Assets.xcassets */,
			);
			path = "Preview Content";
			sourceTree = "<group>";
		};
/* End PBXGroup section */

/* Begin PBXNativeTarget section */
		896BFE74239EA3DC003DD4C1 /* Friends */ = {
			isa = PBXNativeTarget;
			buildConfigurationList = 896BFE89239EA3DF003DD4C1 /* Build configuration list for PBXNativeTarget "Friends" */;
			buildPhases = (
				896BFE71239EA3DC003DD4C1 /* Sources */,
				896BFE72239EA3DC003DD4C1 /* Frameworks */,
				896BFE73239EA3DC003DD4C1 /* Resources */,
			);
			buildRules = (
			);
			dependencies = (
			);
			name = Friends;
			productName = Friends;
			productReference = 896BFE75239EA3DC003DD4C1 /* Friends.app */;
			productType = "com.apple.product-type.application";
		};
/* End PBXNativeTarget section */

/* Begin PBXProject section */
		896BFE6D239EA3DC003DD4C1 /* Project object */ = {
			isa = PBXProject;
			attributes = {
				LastSwiftUpdateCheck = 1120;
				LastUpgradeCheck = 1120;
				ORGANIZATIONNAME = "Mihai Leonte";
				TargetAttributes = {
					896BFE74239EA3DC003DD4C1 = {
						CreatedOnToolsVersion = 11.2.1;
					};
				};
			};
			buildConfigurationList = 896BFE70239EA3DC003DD4C1 /* Build configuration list for PBXProject "Friends" */;
			compatibilityVersion = "Xcode 9.3";
			developmentRegion = en;
			hasScannedForEncodings = 0;
			knownRegions = (
				en,
				Base,
			);
			mainGroup = 896BFE6C239EA3DC003DD4C1;
			productRefGroup = 896BFE76239EA3DC003DD4C1 /* Products */;
			projectDirPath = "";
			projectRoot = "";
			targets = (
				896BFE74239EA3DC003DD4C1 /* Friends */,
			);
		};
/* End PBXProject section */

/* Begin PBXResourcesBuildPhase section */
		896BFE73239EA3DC003DD4C1 /* Resources */ = {
			isa = PBXResourcesBuildPhase;
			buildActionMask = 2147483647;
			files = (
				896BFE85239EA3DF003DD4C1 /* LaunchScreen.storyboard in Resources */,
				896BFE82239EA3DF003DD4C1 /* Preview Assets.xcassets in Resources */,
				896BFE7F239EA3DF003DD4C1 /* Assets.xcassets in Resources */,
			);
			runOnlyForDeploymentPostprocessing = 0;
		};
/* End PBXResourcesBuildPhase section */

/* Begin PBXSourcesBuildPhase section */
		896BFE71239EA3DC003DD4C1 /* Sources */ = {
			isa = PBXSourcesBuildPhase;
			buildActionMask = 2147483647;
			files = (
				896BFE79239EA3DC003DD4C1 /* AppDelegate.swift in Sources */,
				896BFE9523A0F8EE003DD4C1 /* MapView.swift in Sources */,
				896BFE8D239F99DD003DD4C1 /* ImagePicker.swift in Sources */,
				896BFE91239FC52A003DD4C1 /* Contacts.swift in Sources */,
				896BFE9323A0F60B003DD4C1 /* LocationFetcher.swift in Sources */,
				896BFE8F239FC496003DD4C1 /* Contact.swift in Sources */,
				896BFE7B239EA3DC003DD4C1 /* SceneDelegate.swift in Sources */,
				896BFE7D239EA3DC003DD4C1 /* ContentView.swift in Sources */,
			);
			runOnlyForDeploymentPostprocessing = 0;
		};
/* End PBXSourcesBuildPhase section */

/* Begin PBXVariantGroup section */
		896BFE83239EA3DF003DD4C1 /* LaunchScreen.storyboard */ = {
			isa = PBXVariantGroup;
			children = (
				896BFE84239EA3DF003DD4C1 /* Base */,
			);
			name = LaunchScreen.storyboard;
			sourceTree = "<group>";
		};
/* End PBXVariantGroup section */

/* Begin XCBuildConfiguration section */
		896BFE87239EA3DF003DD4C1 /* Debug */ = {
			isa = XCBuildConfiguration;
			buildSettings = {
				ALWAYS_SEARCH_USER_PATHS = NO;
				CLANG_ANALYZER_NONNULL = YES;
				CLANG_ANALYZER_NUMBER_OBJECT_CONVERSION = YES_AGGRESSIVE;
				CLANG_CXX_LANGUAGE_STANDARD = "gnu++14";
				CLANG_CXX_LIBRARY = "libc++";
				CLANG_ENABLE_MODULES = YES;
				CLANG_ENABLE_OBJC_ARC = YES;
				CLANG_ENABLE_OBJC_WEAK = YES;
				CLANG_WARN_BLOCK_CAPTURE_AUTORELEASING = YES;
				CLANG_WARN_BOOL_CONVERSION = YES;
				CLANG_WARN_COMMA = YES;
				CLANG_WARN_CONSTANT_CONVERSION = YES;
				CLANG_WARN_DEPRECATED_OBJC_IMPLEMENTATIONS = YES;
				CLANG_WARN_DIRECT_OBJC_ISA_USAGE = YES_ERROR;
				CLANG_WARN_DOCUMENTATION_COMMENTS = YES;
				CLANG_WARN_EMPTY_BODY = YES;
				CLANG_WARN_ENUM_CONVERSION = YES;
				CLANG_WARN_INFINITE_RECURSION = YES;
				CLANG_WARN_INT_CONVERSION = YES;
				CLANG_WARN_NON_LITERAL_NULL_CONVERSION = YES;
				CLANG_WARN_OBJC_IMPLICIT_RETAIN_SELF = YES;
				CLANG_WARN_OBJC_LITERAL_CONVERSION = YES;
				CLANG_WARN_OBJC_ROOT_CLASS = YES_ERROR;
				CLANG_WARN_RANGE_LOOP_ANALYSIS = YES;
				CLANG_WARN_STRICT_PROTOTYPES = YES;
				CLANG_WARN_SUSPICIOUS_MOVE = YES;
				CLANG_WARN_UNGUARDED_AVAILABILITY = YES_AGGRESSIVE;
				CLANG_WARN_UNREACHABLE_CODE = YES;
				CLANG_WARN__DUPLICATE_METHOD_MATCH = YES;
				COPY_PHASE_STRIP = NO;
				DEBUG_INFORMATION_FORMAT = dwarf;
				ENABLE_STRICT_OBJC_MSGSEND = YES;
				ENABLE_TESTABILITY = YES;
				GCC_C_LANGUAGE_STANDARD = gnu11;
				GCC_DYNAMIC_NO_PIC = NO;
				GCC_NO_COMMON_BLOCKS = YES;
				GCC_OPTIMIZATION_LEVEL = 0;
				GCC_PREPROCESSOR_DEFINITIONS = (
					"DEBUG=1",
					"$(inherited)",
				);
				GCC_WARN_64_TO_32_BIT_CONVERSION = YES;
				GCC_WARN_ABOUT_RETURN_TYPE = YES_ERROR;
				GCC_WARN_UNDECLARED_SELECTOR = YES;
				GCC_WARN_UNINITIALIZED_AUTOS = YES_AGGRESSIVE;
				GCC_WARN_UNUSED_FUNCTION = YES;
				GCC_WARN_UNUSED_VARIABLE = YES;
				IPHONEOS_DEPLOYMENT_TARGET = 13.2;
				MTL_ENABLE_DEBUG_INFO = INCLUDE_SOURCE;
				MTL_FAST_MATH = YES;
				ONLY_ACTIVE_ARCH = YES;
				SDKROOT = iphoneos;
				SWIFT_ACTIVE_COMPILATION_CONDITIONS = DEBUG;
				SWIFT_OPTIMIZATION_LEVEL = "-Onone";
			};
			name = Debug;
		};
		896BFE88239EA3DF003DD4C1 /* Release */ = {
			isa = XCBuildConfiguration;
			buildSettings = {
				ALWAYS_SEARCH_USER_PATHS = NO;
				CLANG_ANALYZER_NONNULL = YES;
				CLANG_ANALYZER_NUMBER_OBJECT_CONVERSION = YES_AGGRESSIVE;
				CLANG_CXX_LANGUAGE_STANDARD = "gnu++14";
				CLANG_CXX_LIBRARY = "libc++";
				CLANG_ENABLE_MODULES = YES;
				CLANG_ENABLE_OBJC_ARC = YES;
				CLANG_ENABLE_OBJC_WEAK = YES;
				CLANG_WARN_BLOCK_CAPTURE_AUTORELEASING = YES;
				CLANG_WARN_BOOL_CONVERSION = YES;
				CLANG_WARN_COMMA = YES;
				CLANG_WARN_CONSTANT_CONVERSION = YES;
				CLANG_WARN_DEPRECATED_OBJC_IMPLEMENTATIONS = YES;
				CLANG_WARN_DIRECT_OBJC_ISA_USAGE = YES_ERROR;
				CLANG_WARN_DOCUMENTATION_COMMENTS = YES;
				CLANG_WARN_EMPTY_BODY = YES;
				CLANG_WARN_ENUM_CONVERSION = YES;
				CLANG_WARN_INFINITE_RECURSION = YES;
				CLANG_WARN_INT_CONVERSION = YES;
				CLANG_WARN_NON_LITERAL_NULL_CONVERSION = YES;
				CLANG_WARN_OBJC_IMPLICIT_RETAIN_SELF = YES;
				CLANG_WARN_OBJC_LITERAL_CONVERSION = YES;
				CLANG_WARN_OBJC_ROOT_CLASS = YES_ERROR;
				CLANG_WARN_RANGE_LOOP_ANALYSIS = YES;
				CLANG_WARN_STRICT_PROTOTYPES = YES;
				CLANG_WARN_SUSPICIOUS_MOVE = YES;
				CLANG_WARN_UNGUARDED_AVAILABILITY = YES_AGGRESSIVE;
				CLANG_WARN_UNREACHABLE_CODE = YES;
				CLANG_WARN__DUPLICATE_METHOD_MATCH = YES;
				COPY_PHASE_STRIP = NO;
				DEBUG_INFORMATION_FORMAT = "dwarf-with-dsym";
				ENABLE_NS_ASSERTIONS = NO;
				ENABLE_STRICT_OBJC_MSGSEND = YES;
				GCC_C_LANGUAGE_STANDARD = gnu11;
				GCC_NO_COMMON_BLOCKS = YES;
				GCC_WARN_64_TO_32_BIT_CONVERSION = YES;
				GCC_WARN_ABOUT_RETURN_TYPE = YES_ERROR;
				GCC_WARN_UNDECLARED_SELECTOR = YES;
				GCC_WARN_UNINITIALIZED_AUTOS = YES_AGGRESSIVE;
				GCC_WARN_UNUSED_FUNCTION = YES;
				GCC_WARN_UNUSED_VARIABLE = YES;
				IPHONEOS_DEPLOYMENT_TARGET = 13.2;
				MTL_ENABLE_DEBUG_INFO = NO;
				MTL_FAST_MATH = YES;
				SDKROOT = iphoneos;
				SWIFT_COMPILATION_MODE = wholemodule;
				SWIFT_OPTIMIZATION_LEVEL = "-O";
				VALIDATE_PRODUCT = YES;
			};
			name = Release;
		};
		896BFE8A239EA3DF003DD4C1 /* Debug */ = {
			isa = XCBuildConfiguration;
			buildSettings = {
				ASSETCATALOG_COMPILER_APPICON_NAME = AppIcon;
				CODE_SIGN_STYLE = Automatic;
				DEVELOPMENT_ASSET_PATHS = "\"Friends/Preview Content\"";
				DEVELOPMENT_TEAM = V7S7GB28P7;
				ENABLE_PREVIEWS = YES;
				INFOPLIST_FILE = Friends/Info.plist;
				LD_RUNPATH_SEARCH_PATHS = (
					"$(inherited)",
					"@executable_path/Frameworks",
				);
				PRODUCT_BUNDLE_IDENTIFIER = dev.leonte.swiftui.Friends;
				PRODUCT_NAME = "$(TARGET_NAME)";
				SWIFT_VERSION = 5.0;
				TARGETED_DEVICE_FAMILY = "1,2";
			};
			name = Debug;
		};
		896BFE8B239EA3DF003DD4C1 /* Release */ = {
			isa = XCBuildConfiguration;
			buildSettings = {
				ASSETCATALOG_COMPILER_APPICON_NAME = AppIcon;
				CODE_SIGN_STYLE = Automatic;
				DEVELOPMENT_ASSET_PATHS = "\"Friends/Preview Content\"";
				DEVELOPMENT_TEAM = V7S7GB28P7;
				ENABLE_PREVIEWS = YES;
				INFOPLIST_FILE = Friends/Info.plist;
				LD_RUNPATH_SEARCH_PATHS = (
					"$(inherited)",
					"@executable_path/Frameworks",
				);
				PRODUCT_BUNDLE_IDENTIFIER = dev.leonte.swiftui.Friends;
				PRODUCT_NAME = "$(TARGET_NAME)";
				SWIFT_VERSION = 5.0;
				TARGETED_DEVICE_FAMILY = "1,2";
			};
			name = Release;
		};
/* End XCBuildConfiguration section */

/* Begin XCConfigurationList section */
		896BFE70239EA3DC003DD4C1 /* Build configuration list for PBXProject "Friends" */ = {
			isa = XCConfigurationList;
			buildConfigurations = (
				896BFE87239EA3DF003DD4C1 /* Debug */,
				896BFE88239EA3DF003DD4C1 /* Release */,
			);
			defaultConfigurationIsVisible = 0;
			defaultConfigurationName = Release;
		};
		896BFE89239EA3DF003DD4C1 /* Build configuration list for PBXNativeTarget "Friends" */ = {
			isa = XCConfigurationList;
			buildConfigurations = (
				896BFE8A239EA3DF003DD4C1 /* Debug */,
				896BFE8B239EA3DF003DD4C1 /* Release */,
			);
			defaultConfigurationIsVisible = 0;
			defaultConfigurationName = Release;
		};
/* End XCConfigurationList section */
	};
	rootObject = 896BFE6D239EA3DC003DD4C1 /* Project object */;
}
